
Microsoft Visual Studio Solution File, Format Version 12.00
# Visual Studio Version 16
VisualStudioVersion = 16.0.28922.388
MinimumVisualStudioVersion = 10.0.40219.1
Project("{FAE04EC0-301F-11D3-BF4B-00C04F79EFBC}") = "StructAndClass", "StructAndClass\StructAndClass.csproj", "{C5366FC9-95EF-46ED-90E6-0683F2CA7EDE}"
EndProject
Global
	GlobalSection(SolutionConfigurationPlatforms) = preSolution
		Debug|Any CPU = Debug|Any CPU
		Release|Any CPU = Release|Any CPU
	EndGlobalSection
	GlobalSection(ProjectConfigurationPlatforms) = postSolution
		{C5366FC9-95EF-46ED-90E6-0683F2CA7EDE}.Debug|Any CPU.ActiveCfg = Debug|Any CPU
		{C5366FC9-95EF-46ED-90E6-0683F2CA7EDE}.Debug|Any CPU.Build.0 = Debug|Any CPU
		{C5366FC9-95EF-46ED-90E6-0683F2CA7EDE}.Release|Any CPU.ActiveCfg = Release|Any CPU
		{C5366FC9-95EF-46ED-90E6-0683F2CA7EDE}.Release|Any CPU.Build.0 = Release|Any CPU
	EndGlobalSection
	GlobalSection(SolutionProperties) = preSolution
		HideSolutionNode = FALSE
	EndGlobalSection
	GlobalSection(ExtensibilityGlobals) = postSolution
		SolutionGuid = {2E0AA3E9-651C-4388-80C4-2C882AE37753}
	EndGlobalSection
EndGlobal
