
Microsoft Visual Studio Solution File, Format Version 12.00
# Visual Studio Version 16
VisualStudioVersion = 16.0.28917.181
MinimumVisualStudioVersion = 10.0.40219.1
Project("{FAE04EC0-301F-11D3-BF4B-00C04F79EFBC}") = "Example", "Example\Example.csproj", "{2FCC35CD-D063-43ED-AFCC-3A43BB73578D}"
EndProject
Global
	GlobalSection(SolutionConfigurationPlatforms) = preSolution
		Debug|Any CPU = Debug|Any CPU
		Release|Any CPU = Release|Any CPU
	EndGlobalSection
	GlobalSection(ProjectConfigurationPlatforms) = postSolution
		{2FCC35CD-D063-43ED-AFCC-3A43BB73578D}.Debug|Any CPU.ActiveCfg = Debug|Any CPU
		{2FCC35CD-D063-43ED-AFCC-3A43BB73578D}.Debug|Any CPU.Build.0 = Debug|Any CPU
		{2FCC35CD-D063-43ED-AFCC-3A43BB73578D}.Release|Any CPU.ActiveCfg = Release|Any CPU
		{2FCC35CD-D063-43ED-AFCC-3A43BB73578D}.Release|Any CPU.Build.0 = Release|Any CPU
	EndGlobalSection
	GlobalSection(SolutionProperties) = preSolution
		HideSolutionNode = FALSE
	EndGlobalSection
	GlobalSection(ExtensibilityGlobals) = postSolution
		SolutionGuid = {3E05C4B1-6F8A-414D-B45D-A2A28282C231}
	EndGlobalSection
EndGlobal
