
Microsoft Visual Studio Solution File, Format Version 12.00
# Visual Studio Version 16
VisualStudioVersion = 16.0.28917.181
MinimumVisualStudioVersion = 10.0.40219.1
Project("{FAE04EC0-301F-11D3-BF4B-00C04F79EFBC}") = "ConstructorAndFinalizer", "ConstructorAndFinalizer\ConstructorAndFinalizer.csproj", "{485CDD4B-2648-4AE9-B30B-FEEFCD8420FC}"
EndProject
Global
	GlobalSection(SolutionConfigurationPlatforms) = preSolution
		Debug|Any CPU = Debug|Any CPU
		Release|Any CPU = Release|Any CPU
	EndGlobalSection
	GlobalSection(ProjectConfigurationPlatforms) = postSolution
		{485CDD4B-2648-4AE9-B30B-FEEFCD8420FC}.Debug|Any CPU.ActiveCfg = Debug|Any CPU
		{485CDD4B-2648-4AE9-B30B-FEEFCD8420FC}.Debug|Any CPU.Build.0 = Debug|Any CPU
		{485CDD4B-2648-4AE9-B30B-FEEFCD8420FC}.Release|Any CPU.ActiveCfg = Release|Any CPU
		{485CDD4B-2648-4AE9-B30B-FEEFCD8420FC}.Release|Any CPU.Build.0 = Release|Any CPU
	EndGlobalSection
	GlobalSection(SolutionProperties) = preSolution
		HideSolutionNode = FALSE
	EndGlobalSection
	GlobalSection(ExtensibilityGlobals) = postSolution
		SolutionGuid = {F6819D75-8E4F-4E16-9014-6BFADB5A47D5}
	EndGlobalSection
EndGlobal
