
Microsoft Visual Studio Solution File, Format Version 12.00
# Visual Studio Version 16
VisualStudioVersion = 16.0.29613.14
MinimumVisualStudioVersion = 10.0.40219.1
Project("{FAE04EC0-301F-11D3-BF4B-00C04F79EFBC}") = "Eating", "Eating\Eating.csproj", "{9F796403-2A70-421C-A350-503AAEC6C3F1}"
EndProject
Global
	GlobalSection(SolutionConfigurationPlatforms) = preSolution
		Debug|Any CPU = Debug|Any CPU
		Release|Any CPU = Release|Any CPU
	EndGlobalSection
	GlobalSection(ProjectConfigurationPlatforms) = postSolution
		{9F796403-2A70-421C-A350-503AAEC6C3F1}.Debug|Any CPU.ActiveCfg = Debug|Any CPU
		{9F796403-2A70-421C-A350-503AAEC6C3F1}.Debug|Any CPU.Build.0 = Debug|Any CPU
		{9F796403-2A70-421C-A350-503AAEC6C3F1}.Release|Any CPU.ActiveCfg = Release|Any CPU
		{9F796403-2A70-421C-A350-503AAEC6C3F1}.Release|Any CPU.Build.0 = Release|Any CPU
	EndGlobalSection
	GlobalSection(SolutionProperties) = preSolution
		HideSolutionNode = FALSE
	EndGlobalSection
	GlobalSection(ExtensibilityGlobals) = postSolution
		SolutionGuid = {B829B9FE-E63D-4561-AC3D-9255D4B332BC}
	EndGlobalSection
EndGlobal
