
Microsoft Visual Studio Solution File, Format Version 12.00
# Visual Studio Version 16
VisualStudioVersion = 16.0.28917.181
MinimumVisualStudioVersion = 10.0.40219.1
Project("{FAE04EC0-301F-11D3-BF4B-00C04F79EFBC}") = "TheDoor", "TheDoor\TheDoor.csproj", "{5BBB1882-8450-4E14-980C-08FF94ECC77E}"
EndProject
Global
	GlobalSection(SolutionConfigurationPlatforms) = preSolution
		Debug|Any CPU = Debug|Any CPU
		Release|Any CPU = Release|Any CPU
	EndGlobalSection
	GlobalSection(ProjectConfigurationPlatforms) = postSolution
		{5BBB1882-8450-4E14-980C-08FF94ECC77E}.Debug|Any CPU.ActiveCfg = Debug|Any CPU
		{5BBB1882-8450-4E14-980C-08FF94ECC77E}.Debug|Any CPU.Build.0 = Debug|Any CPU
		{5BBB1882-8450-4E14-980C-08FF94ECC77E}.Release|Any CPU.ActiveCfg = Release|Any CPU
		{5BBB1882-8450-4E14-980C-08FF94ECC77E}.Release|Any CPU.Build.0 = Release|Any CPU
	EndGlobalSection
	GlobalSection(SolutionProperties) = preSolution
		HideSolutionNode = FALSE
	EndGlobalSection
	GlobalSection(ExtensibilityGlobals) = postSolution
		SolutionGuid = {9D7594BE-1F94-4E8C-80D7-F4D6F0354525}
	EndGlobalSection
EndGlobal
