
Microsoft Visual Studio Solution File, Format Version 12.00
# Visual Studio Version 16
VisualStudioVersion = 16.0.29613.14
MinimumVisualStudioVersion = 10.0.40219.1
Project("{FAE04EC0-301F-11D3-BF4B-00C04F79EFBC}") = "Generics", "Generics\Generics.csproj", "{82C54634-AAE8-47C8-960C-C2837120FE93}"
EndProject
Global
	GlobalSection(SolutionConfigurationPlatforms) = preSolution
		Debug|Any CPU = Debug|Any CPU
		Release|Any CPU = Release|Any CPU
	EndGlobalSection
	GlobalSection(ProjectConfigurationPlatforms) = postSolution
		{82C54634-AAE8-47C8-960C-C2837120FE93}.Debug|Any CPU.ActiveCfg = Debug|Any CPU
		{82C54634-AAE8-47C8-960C-C2837120FE93}.Debug|Any CPU.Build.0 = Debug|Any CPU
		{82C54634-AAE8-47C8-960C-C2837120FE93}.Release|Any CPU.ActiveCfg = Release|Any CPU
		{82C54634-AAE8-47C8-960C-C2837120FE93}.Release|Any CPU.Build.0 = Release|Any CPU
	EndGlobalSection
	GlobalSection(SolutionProperties) = preSolution
		HideSolutionNode = FALSE
	EndGlobalSection
	GlobalSection(ExtensibilityGlobals) = postSolution
		SolutionGuid = {5433321E-BD21-4CA3-9B85-F08C926183EF}
	EndGlobalSection
EndGlobal
